
Microsoft Visual Studio Solution File, Format Version 12.00
# Visual Studio 14
VisualStudioVersion = 14.0.25420.1
MinimumVisualStudioVersion = 10.0.40219.1
Project("{FAE04EC0-301F-11D3-BF4B-00C04F79EFBC}") = "BlobStorage", "BlobStorage\BlobStorage.csproj", "{10E29D5E-8805-4F3B-AA96-4841D7E73B36}"
EndProject
Project("{FAE04EC0-301F-11D3-BF4B-00C04F79EFBC}") = "TableStorage", "TableStorage\TableStorage.csproj", "{6F6280FD-BEDF-44A2-ABBF-2950282A8C6B}"
EndProject
Global
	GlobalSection(SolutionConfigurationPlatforms) = preSolution
		Debug|Any CPU = Debug|Any CPU
		Release|Any CPU = Release|Any CPU
	EndGlobalSection
	GlobalSection(ProjectConfigurationPlatforms) = postSolution
		{10E29D5E-8805-4F3B-AA96-4841D7E73B36}.Debug|Any CPU.ActiveCfg = Debug|Any CPU
		{10E29D5E-8805-4F3B-AA96-4841D7E73B36}.Debug|Any CPU.Build.0 = Debug|Any CPU
		{10E29D5E-8805-4F3B-AA96-4841D7E73B36}.Release|Any CPU.ActiveCfg = Release|Any CPU
		{10E29D5E-8805-4F3B-AA96-4841D7E73B36}.Release|Any CPU.Build.0 = Release|Any CPU
		{6F6280FD-BEDF-44A2-ABBF-2950282A8C6B}.Debug|Any CPU.ActiveCfg = Debug|Any CPU
		{6F6280FD-BEDF-44A2-ABBF-2950282A8C6B}.Debug|Any CPU.Build.0 = Debug|Any CPU
		{6F6280FD-BEDF-44A2-ABBF-2950282A8C6B}.Release|Any CPU.ActiveCfg = Release|Any CPU
		{6F6280FD-BEDF-44A2-ABBF-2950282A8C6B}.Release|Any CPU.Build.0 = Release|Any CPU
	EndGlobalSection
	GlobalSection(SolutionProperties) = preSolution
		HideSolutionNode = FALSE
	EndGlobalSection
EndGlobal
